
Microsoft Visual Studio Solution File, Format Version 12.00
# Visual Studio Version 17
VisualStudioVersion = 17.8.34330.188
MinimumVisualStudioVersion = 10.0.40219.1
Project("{FAE04EC0-301F-11D3-BF4B-00C04F79EFBC}") = "Bookify.Web", "Bookify.Web\Bookify.Web.csproj", "{E9E772A2-5808-415D-AB38-07E02E8DAD61}"
EndProject
Global
	GlobalSection(SolutionConfigurationPlatforms) = preSolution
		Debug|Any CPU = Debug|Any CPU
		Release|Any CPU = Release|Any CPU
	EndGlobalSection
	GlobalSection(ProjectConfigurationPlatforms) = postSolution
		{E9E772A2-5808-415D-AB38-07E02E8DAD61}.Debug|Any CPU.ActiveCfg = Debug|Any CPU
		{E9E772A2-5808-415D-AB38-07E02E8DAD61}.Debug|Any CPU.Build.0 = Debug|Any CPU
		{E9E772A2-5808-415D-AB38-07E02E8DAD61}.Release|Any CPU.ActiveCfg = Release|Any CPU
		{E9E772A2-5808-415D-AB38-07E02E8DAD61}.Release|Any CPU.Build.0 = Release|Any CPU
	EndGlobalSection
	GlobalSection(SolutionProperties) = preSolution
		HideSolutionNode = FALSE
	EndGlobalSection
	GlobalSection(ExtensibilityGlobals) = postSolution
		SolutionGuid = {BF32E0BF-A870-4C20-AB7B-7F67584A2820}
	EndGlobalSection
EndGlobal
